
Microsoft Visual Studio Solution File, Format Version 12.00
# Visual Studio Version 16
VisualStudioVersion = 16.0.29609.76
MinimumVisualStudioVersion = 10.0.40219.1
Project("{FAE04EC0-301F-11D3-BF4B-00C04F79EFBC}") = "Microflake.TheComputerShop", "Microflake.TheComputerShop\Microflake.TheComputerShop.csproj", "{2CE38D4E-A388-462F-AD04-76A7955DF49A}"
EndProject
Project("{FAE04EC0-301F-11D3-BF4B-00C04F79EFBC}") = "Microflake.TheComputerShop.Web.Admin", "Microflake.TheComputerShop.Web.Admin\Microflake.TheComputerShop.Web.Admin.csproj", "{C949F0B7-679B-4334-826E-F3D7B72CBFAD}"
EndProject
Global
	GlobalSection(SolutionConfigurationPlatforms) = preSolution
		Debug|Any CPU = Debug|Any CPU
		Release|Any CPU = Release|Any CPU
	EndGlobalSection
	GlobalSection(ProjectConfigurationPlatforms) = postSolution
		{2CE38D4E-A388-462F-AD04-76A7955DF49A}.Debug|Any CPU.ActiveCfg = Debug|Any CPU
		{2CE38D4E-A388-462F-AD04-76A7955DF49A}.Debug|Any CPU.Build.0 = Debug|Any CPU
		{2CE38D4E-A388-462F-AD04-76A7955DF49A}.Release|Any CPU.ActiveCfg = Release|Any CPU
		{2CE38D4E-A388-462F-AD04-76A7955DF49A}.Release|Any CPU.Build.0 = Release|Any CPU
		{C949F0B7-679B-4334-826E-F3D7B72CBFAD}.Debug|Any CPU.ActiveCfg = Debug|Any CPU
		{C949F0B7-679B-4334-826E-F3D7B72CBFAD}.Debug|Any CPU.Build.0 = Debug|Any CPU
		{C949F0B7-679B-4334-826E-F3D7B72CBFAD}.Release|Any CPU.ActiveCfg = Release|Any CPU
		{C949F0B7-679B-4334-826E-F3D7B72CBFAD}.Release|Any CPU.Build.0 = Release|Any CPU
	EndGlobalSection
	GlobalSection(SolutionProperties) = preSolution
		HideSolutionNode = FALSE
	EndGlobalSection
	GlobalSection(ExtensibilityGlobals) = postSolution
		SolutionGuid = {76A20CC9-0086-4347-A13C-4BA90179F08B}
	EndGlobalSection
EndGlobal
